{
  "version": 4,
  "terraform_version": "1.13.5",
  "serial": 26,
  "lineage": "a1896dd5-49b4-1d3d-a7de-614395e25018",
  "outputs": {
    "websocket_api_endpoint": {
      "value": "wss://cfv6fou6e5.execute-api.us-east-1.amazonaws.com",
      "type": "string"
    }
  },
  "resources": [
    {
      "module": "module.api_gateway_websocket",
      "mode": "managed",
      "type": "aws_apigatewayv2_api",
      "name": "websocket_api",
      "provider": "provider[\"registry.terraform.io/hashicorp/aws\"]",
      "instances": [
        {
          "schema_version": 0,
          "attributes": {
            "api_endpoint": "wss://cfv6fou6e5.execute-api.us-east-1.amazonaws.com",
            "api_key_selection_expression": "$request.header.x-api-key",
            "arn": "arn:aws:apigateway:us-east-1::/apis/cfv6fou6e5",
            "body": null,
            "cors_configuration": [],
            "credentials_arn": null,
            "description": "",
            "disable_execute_api_endpoint": false,
            "execution_arn": "arn:aws:execute-api:us-east-1:219657600237:cfv6fou6e5",
            "fail_on_warnings": null,
            "id": "cfv6fou6e5",
            "ip_address_type": "ipv4",
            "name": "vetmed-jeopardy-websocket",
            "protocol_type": "WEBSOCKET",
            "route_key": null,
            "route_selection_expression": "$request.body.action",
            "tags": {},
            "tags_all": {},
            "target": null,
            "version": ""
          },
          "sensitive_attributes": [],
          "identity_schema_version": 0,
          "private": "bnVsbA=="
        }
      ]
    },
    {
      "module": "module.api_gateway_websocket",
      "mode": "managed",
      "type": "aws_apigatewayv2_integration",
      "name": "gemini_generation_integration",
      "provider": "provider[\"registry.terraform.io/hashicorp/aws\"]",
      "instances": [
        {
          "schema_version": 0,
          "attributes": {
            "api_id": "cfv6fou6e5",
            "connection_id": "",
            "connection_type": "INTERNET",
            "content_handling_strategy": "",
            "credentials_arn": "",
            "description": "",
            "id": "r8qd1m9",
            "integration_method": "POST",
            "integration_response_selection_expression": "",
            "integration_subtype": "",
            "integration_type": "AWS_PROXY",
            "integration_uri": "arn:aws:apigateway:us-east-1:lambda:path/2015-03-31/functions/arn:aws:lambda:us-east-1:219657600237:function:vetmed-jeopardy-gemini-generation/invocations",
            "passthrough_behavior": "WHEN_NO_MATCH",
            "payload_format_version": "1.0",
            "request_parameters": {},
            "request_templates": {},
            "response_parameters": [],
            "template_selection_expression": "",
            "timeout_milliseconds": 29000,
            "tls_config": []
          },
          "sensitive_attributes": [],
          "identity_schema_version": 0,
          "private": "bnVsbA==",
          "dependencies": [
            "module.api_gateway_websocket.aws_apigatewayv2_api.websocket_api",
            "module.lambda_gemini_generation.aws_iam_role.lambda_exec_role",
            "module.lambda_gemini_generation.aws_lambda_function.gemini_generation_lambda",
            "module.lambda_gemini_generation.data.archive_file.lambda_zip"
          ]
        }
      ]
    },
    {
      "module": "module.api_gateway_websocket",
      "mode": "managed",
      "type": "aws_apigatewayv2_integration",
      "name": "room_management_integration",
      "provider": "provider[\"registry.terraform.io/hashicorp/aws\"]",
      "instances": [
        {
          "schema_version": 0,
          "attributes": {
            "api_id": "cfv6fou6e5",
            "connection_id": "",
            "connection_type": "INTERNET",
            "content_handling_strategy": "",
            "credentials_arn": "",
            "description": "",
            "id": "dgr1pz6",
            "integration_method": "POST",
            "integration_response_selection_expression": "",
            "integration_subtype": "",
            "integration_type": "AWS_PROXY",
            "integration_uri": "arn:aws:apigateway:us-east-1:lambda:path/2015-03-31/functions/arn:aws:lambda:us-east-1:219657600237:function:vetmed-jeopardy-room-management/invocations",
            "passthrough_behavior": "WHEN_NO_MATCH",
            "payload_format_version": "1.0",
            "request_parameters": {},
            "request_templates": {},
            "response_parameters": [],
            "template_selection_expression": "",
            "timeout_milliseconds": 29000,
            "tls_config": []
          },
          "sensitive_attributes": [],
          "identity_schema_version": 0,
          "private": "bnVsbA==",
          "dependencies": [
            "module.api_gateway_websocket.aws_apigatewayv2_api.websocket_api",
            "module.lambda_room_management.aws_iam_role.lambda_exec_role",
            "module.lambda_room_management.aws_lambda_function.room_management_lambda",
            "module.lambda_room_management.data.archive_file.lambda_zip"
          ]
        }
      ]
    },
    {
      "module": "module.api_gateway_websocket",
      "mode": "managed",
      "type": "aws_apigatewayv2_integration",
      "name": "websocket_integration",
      "provider": "provider[\"registry.terraform.io/hashicorp/aws\"]",
      "instances": [
        {
          "schema_version": 0,
          "attributes": {
            "api_id": "cfv6fou6e5",
            "connection_id": "",
            "connection_type": "INTERNET",
            "content_handling_strategy": "",
            "credentials_arn": "",
            "description": "",
            "id": "u3i7fyr",
            "integration_method": "POST",
            "integration_response_selection_expression": "",
            "integration_subtype": "",
            "integration_type": "AWS_PROXY",
            "integration_uri": "arn:aws:apigateway:us-east-1:lambda:path/2015-03-31/functions/arn:aws:lambda:us-east-1:219657600237:function:vetmed-jeopardy-signaling/invocations",
            "passthrough_behavior": "WHEN_NO_MATCH",
            "payload_format_version": "1.0",
            "request_parameters": {},
            "request_templates": {},
            "response_parameters": [],
            "template_selection_expression": "",
            "timeout_milliseconds": 29000,
            "tls_config": []
          },
          "sensitive_attributes": [],
          "identity_schema_version": 0,
          "private": "bnVsbA==",
          "dependencies": [
            "module.api_gateway_websocket.aws_apigatewayv2_api.websocket_api",
            "module.lambda_signaling.aws_iam_role.lambda_exec_role",
            "module.lambda_signaling.aws_lambda_function.signaling_lambda",
            "module.lambda_signaling.data.archive_file.lambda_zip"
          ]
        }
      ]
    },
    {
      "module": "module.api_gateway_websocket",
      "mode": "managed",
      "type": "aws_apigatewayv2_route",
      "name": "connect_route",
      "provider": "provider[\"registry.terraform.io/hashicorp/aws\"]",
      "instances": [
        {
          "schema_version": 0,
          "attributes": {
            "api_id": "cfv6fou6e5",
            "api_key_required": false,
            "authorization_scopes": [],
            "authorization_type": "NONE",
            "authorizer_id": "",
            "id": "t88a75d",
            "model_selection_expression": "",
            "operation_name": "",
            "request_models": {},
            "request_parameter": [],
            "route_key": "$connect",
            "route_response_selection_expression": "",
            "target": "integrations/u3i7fyr"
          },
          "sensitive_attributes": [],
          "identity_schema_version": 0,
          "private": "bnVsbA==",
          "dependencies": [
            "module.api_gateway_websocket.aws_apigatewayv2_api.websocket_api",
            "module.api_gateway_websocket.aws_apigatewayv2_integration.websocket_integration",
            "module.lambda_signaling.aws_iam_role.lambda_exec_role",
            "module.lambda_signaling.aws_lambda_function.signaling_lambda",
            "module.lambda_signaling.data.archive_file.lambda_zip"
          ]
        }
      ]
    },
    {
      "module": "module.api_gateway_websocket",
      "mode": "managed",
      "type": "aws_apigatewayv2_route",
      "name": "create_room_route",
      "provider": "provider[\"registry.terraform.io/hashicorp/aws\"]",
      "instances": [
        {
          "schema_version": 0,
          "attributes": {
            "api_id": "cfv6fou6e5",
            "api_key_required": false,
            "authorization_scopes": [],
            "authorization_type": "NONE",
            "authorizer_id": "",
            "id": "jvpf723",
            "model_selection_expression": "",
            "operation_name": "",
            "request_models": {},
            "request_parameter": [],
            "route_key": "createroom",
            "route_response_selection_expression": "",
            "target": "integrations/dgr1pz6"
          },
          "sensitive_attributes": [],
          "identity_schema_version": 0,
          "private": "bnVsbA==",
          "dependencies": [
            "module.api_gateway_websocket.aws_apigatewayv2_api.websocket_api",
            "module.api_gateway_websocket.aws_apigatewayv2_integration.room_management_integration",
            "module.lambda_room_management.aws_iam_role.lambda_exec_role",
            "module.lambda_room_management.aws_lambda_function.room_management_lambda",
            "module.lambda_room_management.data.archive_file.lambda_zip"
          ]
        }
      ]
    },
    {
      "module": "module.api_gateway_websocket",
      "mode": "managed",
      "type": "aws_apigatewayv2_route",
      "name": "default_route",
      "provider": "provider[\"registry.terraform.io/hashicorp/aws\"]",
      "instances": [
        {
          "schema_version": 0,
          "attributes": {
            "api_id": "cfv6fou6e5",
            "api_key_required": false,
            "authorization_scopes": [],
            "authorization_type": "NONE",
            "authorizer_id": "",
            "id": "89nf9ut",
            "model_selection_expression": "",
            "operation_name": "",
            "request_models": {},
            "request_parameter": [],
            "route_key": "$default",
            "route_response_selection_expression": "",
            "target": ""
          },
          "sensitive_attributes": [],
          "identity_schema_version": 0,
          "private": "bnVsbA==",
          "dependencies": [
            "module.api_gateway_websocket.aws_apigatewayv2_api.websocket_api"
          ]
        }
      ]
    },
    {
      "module": "module.api_gateway_websocket",
      "mode": "managed",
      "type": "aws_apigatewayv2_route",
      "name": "disconnect_route",
      "provider": "provider[\"registry.terraform.io/hashicorp/aws\"]",
      "instances": [
        {
          "schema_version": 0,
          "attributes": {
            "api_id": "cfv6fou6e5",
            "api_key_required": false,
            "authorization_scopes": [],
            "authorization_type": "NONE",
            "authorizer_id": "",
            "id": "l6gqpor",
            "model_selection_expression": "",
            "operation_name": "",
            "request_models": {},
            "request_parameter": [],
            "route_key": "$disconnect",
            "route_response_selection_expression": "",
            "target": "integrations/u3i7fyr"
          },
          "sensitive_attributes": [],
          "identity_schema_version": 0,
          "private": "bnVsbA==",
          "dependencies": [
            "module.api_gateway_websocket.aws_apigatewayv2_api.websocket_api",
            "module.api_gateway_websocket.aws_apigatewayv2_integration.websocket_integration",
            "module.lambda_signaling.aws_iam_role.lambda_exec_role",
            "module.lambda_signaling.aws_lambda_function.signaling_lambda",
            "module.lambda_signaling.data.archive_file.lambda_zip"
          ]
        }
      ]
    },
    {
      "module": "module.api_gateway_websocket",
      "mode": "managed",
      "type": "aws_apigatewayv2_route",
      "name": "generate_questions_route",
      "provider": "provider[\"registry.terraform.io/hashicorp/aws\"]",
      "instances": [
        {
          "schema_version": 0,
          "attributes": {
            "api_id": "cfv6fou6e5",
            "api_key_required": false,
            "authorization_scopes": [],
            "authorization_type": "NONE",
            "authorizer_id": "",
            "id": "eu2w4f4",
            "model_selection_expression": "",
            "operation_name": "",
            "request_models": {},
            "request_parameter": [],
            "route_key": "generatequestions",
            "route_response_selection_expression": "",
            "target": "integrations/r8qd1m9"
          },
          "sensitive_attributes": [],
          "identity_schema_version": 0,
          "private": "bnVsbA==",
          "dependencies": [
            "module.api_gateway_websocket.aws_apigatewayv2_api.websocket_api",
            "module.api_gateway_websocket.aws_apigatewayv2_integration.gemini_generation_integration",
            "module.lambda_gemini_generation.aws_iam_role.lambda_exec_role",
            "module.lambda_gemini_generation.aws_lambda_function.gemini_generation_lambda",
            "module.lambda_gemini_generation.data.archive_file.lambda_zip"
          ]
        }
      ]
    },
    {
      "module": "module.api_gateway_websocket",
      "mode": "managed",
      "type": "aws_apigatewayv2_route",
      "name": "sendmessage_route",
      "provider": "provider[\"registry.terraform.io/hashicorp/aws\"]",
      "instances": [
        {
          "schema_version": 0,
          "attributes": {
            "api_id": "cfv6fou6e5",
            "api_key_required": false,
            "authorization_scopes": [],
            "authorization_type": "NONE",
            "authorizer_id": "",
            "id": "465y0xb",
            "model_selection_expression": "",
            "operation_name": "",
            "request_models": {},
            "request_parameter": [],
            "route_key": "sendmessage",
            "route_response_selection_expression": "",
            "target": "integrations/u3i7fyr"
          },
          "sensitive_attributes": [],
          "identity_schema_version": 0,
          "private": "bnVsbA==",
          "dependencies": [
            "module.api_gateway_websocket.aws_apigatewayv2_api.websocket_api",
            "module.api_gateway_websocket.aws_apigatewayv2_integration.websocket_integration",
            "module.lambda_signaling.aws_iam_role.lambda_exec_role",
            "module.lambda_signaling.aws_lambda_function.signaling_lambda",
            "module.lambda_signaling.data.archive_file.lambda_zip"
          ]
        }
      ]
    },
    {
      "module": "module.api_gateway_websocket",
      "mode": "managed",
      "type": "aws_lambda_permission",
      "name": "api_gateway_permission",
      "provider": "provider[\"registry.terraform.io/hashicorp/aws\"]",
      "instances": [
        {
          "schema_version": 0,
          "attributes": {
            "action": "lambda:InvokeFunction",
            "event_source_token": null,
            "function_name": "arn:aws:lambda:us-east-1:219657600237:function:vetmed-jeopardy-signaling",
            "function_url_auth_type": null,
            "id": "AllowAPIGatewayInvoke",
            "principal": "apigateway.amazonaws.com",
            "principal_org_id": null,
            "qualifier": "",
            "source_account": null,
            "source_arn": "arn:aws:execute-api:us-east-1:219657600237:cfv6fou6e5/*/*",
            "statement_id": "AllowAPIGatewayInvoke",
            "statement_id_prefix": ""
          },
          "sensitive_attributes": [],
          "identity_schema_version": 0,
          "private": "bnVsbA==",
          "dependencies": [
            "module.api_gateway_websocket.aws_apigatewayv2_api.websocket_api",
            "module.lambda_signaling.aws_iam_role.lambda_exec_role",
            "module.lambda_signaling.aws_lambda_function.signaling_lambda",
            "module.lambda_signaling.data.archive_file.lambda_zip"
          ]
        }
      ]
    },
    {
      "module": "module.lambda_gemini_generation",
      "mode": "data",
      "type": "archive_file",
      "name": "lambda_zip",
      "provider": "provider[\"registry.terraform.io/hashicorp/archive\"]",
      "instances": [
        {
          "schema_version": 0,
          "attributes": {
            "exclude_symlink_directories": null,
            "excludes": null,
            "id": "4f724712dd8cf5ad0c62f8bc55a07e9febf5ba80",
            "output_base64sha256": "fxAFGPQMNnoIw3kkH7ooBpCUsutHaffqthqcaQut9Lc=",
            "output_base64sha512": "VJfuhvP8G1ukoEXNdW7eJdH2tQMZAqDZQav1glCBlMee5KUilFtDB6czJA3oHtXcKM7Ea53xIV49mINxb6lFMg==",
            "output_file_mode": null,
            "output_md5": "98e09d252a2d431d2d306e0b6ad0269c",
            "output_path": "modules/lambda_gemini_generation/lambda.zip",
            "output_sha": "4f724712dd8cf5ad0c62f8bc55a07e9febf5ba80",
            "output_sha256": "7f100518f40c367a08c379241fba28069094b2eb4769f7eab61a9c690badf4b7",
            "output_sha512": "5497ee86f3fc1b5ba4a045cd756ede25d1f6b5031902a0d941abf582508194c79ee4a522945b4307a733240de81ed5dc28cec46b9df1215e3d9883716fa94532",
            "output_size": 671,
            "source": [],
            "source_content": null,
            "source_content_filename": null,
            "source_dir": "modules/lambda_gemini_generation/src",
            "source_file": null,
            "type": "zip"
          },
          "sensitive_attributes": [],
          "identity_schema_version": 0
        }
      ]
    },
    {
      "module": "module.lambda_gemini_generation",
      "mode": "managed",
      "type": "aws_iam_role",
      "name": "lambda_exec_role",
      "provider": "provider[\"registry.terraform.io/hashicorp/aws\"]",
      "instances": [
        {
          "schema_version": 0,
          "attributes": {
            "arn": "arn:aws:iam::219657600237:role/lambda_gemini_generation_exec_role",
            "assume_role_policy": "{\"Statement\":[{\"Action\":\"sts:AssumeRole\",\"Effect\":\"Allow\",\"Principal\":{\"Service\":\"lambda.amazonaws.com\"}}],\"Version\":\"2012-10-17\"}",
            "create_date": "2025-11-21T21:35:43Z",
            "description": "",
            "force_detach_policies": false,
            "id": "lambda_gemini_generation_exec_role",
            "inline_policy": [],
            "managed_policy_arns": [
              "arn:aws:iam::aws:policy/service-role/AWSLambdaBasicExecutionRole"
            ],
            "max_session_duration": 3600,
            "name": "lambda_gemini_generation_exec_role",
            "name_prefix": "",
            "path": "/",
            "permissions_boundary": "",
            "tags": {},
            "tags_all": {},
            "unique_id": "AROATGJE47TWYFQOHDGYC"
          },
          "sensitive_attributes": [],
          "identity_schema_version": 0,
          "private": "bnVsbA=="
        }
      ]
    },
    {
      "module": "module.lambda_gemini_generation",
      "mode": "managed",
      "type": "aws_iam_role_policy_attachment",
      "name": "lambda_policy",
      "provider": "provider[\"registry.terraform.io/hashicorp/aws\"]",
      "instances": [
        {
          "schema_version": 0,
          "attributes": {
            "id": "lambda_gemini_generation_exec_role-20251121213544087200000001",
            "policy_arn": "arn:aws:iam::aws:policy/service-role/AWSLambdaBasicExecutionRole",
            "role": "lambda_gemini_generation_exec_role"
          },
          "sensitive_attributes": [],
          "identity_schema_version": 0,
          "private": "bnVsbA==",
          "dependencies": [
            "module.lambda_gemini_generation.aws_iam_role.lambda_exec_role"
          ]
        }
      ]
    },
    {
      "module": "module.lambda_gemini_generation",
      "mode": "managed",
      "type": "aws_lambda_function",
      "name": "gemini_generation_lambda",
      "provider": "provider[\"registry.terraform.io/hashicorp/aws\"]",
      "instances": [
        {
          "schema_version": 0,
          "attributes": {
            "architectures": [
              "x86_64"
            ],
            "arn": "arn:aws:lambda:us-east-1:219657600237:function:vetmed-jeopardy-gemini-generation",
            "code_sha256": "fxAFGPQMNnoIw3kkH7ooBpCUsutHaffqthqcaQut9Lc=",
            "code_signing_config_arn": "",
            "dead_letter_config": [],
            "description": "",
            "environment": [
              {
                "variables": {
                  "GEMINI_API_KEY": "YOUR_GEMINI_API_KEY"
                }
              }
            ],
            "ephemeral_storage": [
              {
                "size": 512
              }
            ],
            "file_system_config": [],
            "filename": "modules/lambda_gemini_generation/lambda.zip",
            "function_name": "vetmed-jeopardy-gemini-generation",
            "handler": "index.handler",
            "id": "vetmed-jeopardy-gemini-generation",
            "image_config": [],
            "image_uri": "",
            "invoke_arn": "arn:aws:apigateway:us-east-1:lambda:path/2015-03-31/functions/arn:aws:lambda:us-east-1:219657600237:function:vetmed-jeopardy-gemini-generation/invocations",
            "kms_key_arn": "",
            "last_modified": "2025-11-21T21:35:52.484+0000",
            "layers": [],
            "logging_config": [
              {
                "application_log_level": "",
                "log_format": "Text",
                "log_group": "/aws/lambda/vetmed-jeopardy-gemini-generation",
                "system_log_level": ""
              }
            ],
            "memory_size": 128,
            "package_type": "Zip",
            "publish": false,
            "qualified_arn": "arn:aws:lambda:us-east-1:219657600237:function:vetmed-jeopardy-gemini-generation:$LATEST",
            "qualified_invoke_arn": "arn:aws:apigateway:us-east-1:lambda:path/2015-03-31/functions/arn:aws:lambda:us-east-1:219657600237:function:vetmed-jeopardy-gemini-generation:$LATEST/invocations",
            "replace_security_groups_on_destroy": null,
            "replacement_security_group_ids": null,
            "reserved_concurrent_executions": -1,
            "role": "arn:aws:iam::219657600237:role/lambda_gemini_generation_exec_role",
            "runtime": "nodejs18.x",
            "s3_bucket": null,
            "s3_key": null,
            "s3_object_version": null,
            "signing_job_arn": "",
            "signing_profile_version_arn": "",
            "skip_destroy": false,
            "snap_start": [],
            "source_code_hash": "fxAFGPQMNnoIw3kkH7ooBpCUsutHaffqthqcaQut9Lc=",
            "source_code_size": 671,
            "tags": {},
            "tags_all": {},
            "timeout": 3,
            "timeouts": null,
            "tracing_config": [
              {
                "mode": "PassThrough"
              }
            ],
            "version": "$LATEST",
            "vpc_config": []
          },
          "sensitive_attributes": [],
          "identity_schema_version": 0,
          "private": "eyJlMmJmYjczMC1lY2FhLTExZTYtOGY4OC0zNDM2M2JjN2M0YzAiOnsiY3JlYXRlIjo2MDAwMDAwMDAwMDAsImRlbGV0ZSI6NjAwMDAwMDAwMDAwLCJ1cGRhdGUiOjYwMDAwMDAwMDAwMH19",
          "dependencies": [
            "module.lambda_gemini_generation.aws_iam_role.lambda_exec_role",
            "module.lambda_gemini_generation.data.archive_file.lambda_zip"
          ]
        }
      ]
    },
    {
      "module": "module.lambda_room_management",
      "mode": "data",
      "type": "archive_file",
      "name": "lambda_zip",
      "provider": "provider[\"registry.terraform.io/hashicorp/archive\"]",
      "instances": [
        {
          "schema_version": 0,
          "attributes": {
            "exclude_symlink_directories": null,
            "excludes": null,
            "id": "42d6ccb60df79291aacd3d5092d600075ab3403b",
            "output_base64sha256": "K65U5IWrEw87+RIABXCXGu9Wtw2jom6iYr4YKMhaPtU=",
            "output_base64sha512": "YrUUtoUTHw8yAa7N8m9/3EobtHTSagcTPaVZ+fS7N86Ob8eZOf+M/hMedzolOPrIkr3m9ZP/5OSxjiGFkIdgdw==",
            "output_file_mode": null,
            "output_md5": "097274809b213bb6f12ab84a1d95ec89",
            "output_path": "modules/lambda_room_management/lambda.zip",
            "output_sha": "42d6ccb60df79291aacd3d5092d600075ab3403b",
            "output_sha256": "2bae54e485ab130f3bf912000570971aef56b70da3a26ea262be1828c85a3ed5",
            "output_sha512": "62b514b685131f0f3201aecdf26f7fdc4a1bb474d26a07133da559f9f4bb37ce8e6fc79939ff8cfe131e773a2538fac892bde6f593ffe4e4b18e218590876077",
            "output_size": 438,
            "source": [],
            "source_content": null,
            "source_content_filename": null,
            "source_dir": "modules/lambda_room_management/src",
            "source_file": null,
            "type": "zip"
          },
          "sensitive_attributes": [],
          "identity_schema_version": 0
        }
      ]
    },
    {
      "module": "module.lambda_room_management",
      "mode": "managed",
      "type": "aws_iam_role",
      "name": "lambda_exec_role",
      "provider": "provider[\"registry.terraform.io/hashicorp/aws\"]",
      "instances": [
        {
          "schema_version": 0,
          "attributes": {
            "arn": "arn:aws:iam::219657600237:role/lambda_room_management_exec_role",
            "assume_role_policy": "{\"Statement\":[{\"Action\":\"sts:AssumeRole\",\"Effect\":\"Allow\",\"Principal\":{\"Service\":\"lambda.amazonaws.com\"}}],\"Version\":\"2012-10-17\"}",
            "create_date": "2025-11-21T21:35:43Z",
            "description": "",
            "force_detach_policies": false,
            "id": "lambda_room_management_exec_role",
            "inline_policy": [],
            "managed_policy_arns": [
              "arn:aws:iam::aws:policy/service-role/AWSLambdaBasicExecutionRole"
            ],
            "max_session_duration": 3600,
            "name": "lambda_room_management_exec_role",
            "name_prefix": "",
            "path": "/",
            "permissions_boundary": "",
            "tags": {},
            "tags_all": {},
            "unique_id": "AROATGJE47TWY43LHP7OA"
          },
          "sensitive_attributes": [],
          "identity_schema_version": 0,
          "private": "bnVsbA=="
        }
      ]
    },
    {
      "module": "module.lambda_room_management",
      "mode": "managed",
      "type": "aws_iam_role_policy_attachment",
      "name": "lambda_policy",
      "provider": "provider[\"registry.terraform.io/hashicorp/aws\"]",
      "instances": [
        {
          "schema_version": 0,
          "attributes": {
            "id": "lambda_room_management_exec_role-20251121213544115500000002",
            "policy_arn": "arn:aws:iam::aws:policy/service-role/AWSLambdaBasicExecutionRole",
            "role": "lambda_room_management_exec_role"
          },
          "sensitive_attributes": [],
          "identity_schema_version": 0,
          "private": "bnVsbA==",
          "dependencies": [
            "module.lambda_room_management.aws_iam_role.lambda_exec_role"
          ]
        }
      ]
    },
    {
      "module": "module.lambda_room_management",
      "mode": "managed",
      "type": "aws_lambda_function",
      "name": "room_management_lambda",
      "provider": "provider[\"registry.terraform.io/hashicorp/aws\"]",
      "instances": [
        {
          "schema_version": 0,
          "attributes": {
            "architectures": [
              "x86_64"
            ],
            "arn": "arn:aws:lambda:us-east-1:219657600237:function:vetmed-jeopardy-room-management",
            "code_sha256": "K65U5IWrEw87+RIABXCXGu9Wtw2jom6iYr4YKMhaPtU=",
            "code_signing_config_arn": "",
            "dead_letter_config": [],
            "description": "",
            "environment": [],
            "ephemeral_storage": [
              {
                "size": 512
              }
            ],
            "file_system_config": [],
            "filename": "modules/lambda_room_management/lambda.zip",
            "function_name": "vetmed-jeopardy-room-management",
            "handler": "index.handler",
            "id": "vetmed-jeopardy-room-management",
            "image_config": [],
            "image_uri": "",
            "invoke_arn": "arn:aws:apigateway:us-east-1:lambda:path/2015-03-31/functions/arn:aws:lambda:us-east-1:219657600237:function:vetmed-jeopardy-room-management/invocations",
            "kms_key_arn": "",
            "last_modified": "2025-11-21T21:35:58.631+0000",
            "layers": [],
            "logging_config": [
              {
                "application_log_level": "",
                "log_format": "Text",
                "log_group": "/aws/lambda/vetmed-jeopardy-room-management",
                "system_log_level": ""
              }
            ],
            "memory_size": 128,
            "package_type": "Zip",
            "publish": false,
            "qualified_arn": "arn:aws:lambda:us-east-1:219657600237:function:vetmed-jeopardy-room-management:$LATEST",
            "qualified_invoke_arn": "arn:aws:apigateway:us-east-1:lambda:path/2015-03-31/functions/arn:aws:lambda:us-east-1:219657600237:function:vetmed-jeopardy-room-management:$LATEST/invocations",
            "replace_security_groups_on_destroy": null,
            "replacement_security_group_ids": null,
            "reserved_concurrent_executions": -1,
            "role": "arn:aws:iam::219657600237:role/lambda_room_management_exec_role",
            "runtime": "nodejs18.x",
            "s3_bucket": null,
            "s3_key": null,
            "s3_object_version": null,
            "signing_job_arn": "",
            "signing_profile_version_arn": "",
            "skip_destroy": false,
            "snap_start": [],
            "source_code_hash": "K65U5IWrEw87+RIABXCXGu9Wtw2jom6iYr4YKMhaPtU=",
            "source_code_size": 438,
            "tags": {},
            "tags_all": {},
            "timeout": 3,
            "timeouts": null,
            "tracing_config": [
              {
                "mode": "PassThrough"
              }
            ],
            "version": "$LATEST",
            "vpc_config": []
          },
          "sensitive_attributes": [],
          "identity_schema_version": 0,
          "private": "eyJlMmJmYjczMC1lY2FhLTExZTYtOGY4OC0zNDM2M2JjN2M0YzAiOnsiY3JlYXRlIjo2MDAwMDAwMDAwMDAsImRlbGV0ZSI6NjAwMDAwMDAwMDAwLCJ1cGRhdGUiOjYwMDAwMDAwMDAwMH19",
          "dependencies": [
            "module.lambda_room_management.aws_iam_role.lambda_exec_role",
            "module.lambda_room_management.data.archive_file.lambda_zip"
          ]
        }
      ]
    },
    {
      "module": "module.lambda_signaling",
      "mode": "data",
      "type": "archive_file",
      "name": "lambda_zip",
      "provider": "provider[\"registry.terraform.io/hashicorp/archive\"]",
      "instances": [
        {
          "schema_version": 0,
          "attributes": {
            "exclude_symlink_directories": null,
            "excludes": null,
            "id": "34f6a9c6d7145b67233bdf14d9f3b740cb84f589",
            "output_base64sha256": "3TK6Q7+0i7Ar9ILXl8XMR+ET+lwdzHZgNZPIulyJl40=",
            "output_base64sha512": "+AzhtOc8wv5hVxM6aW9jr0eqi1ECUJ8Rxi01Lown7bcMdj9hXtmG4ZLLksG5jOmrwNtRBr6HOjKpnpzJmo+wqA==",
            "output_file_mode": null,
            "output_md5": "587435b714944c69c1eaca430ee1115d",
            "output_path": "modules/lambda_signaling/lambda.zip",
            "output_sha": "34f6a9c6d7145b67233bdf14d9f3b740cb84f589",
            "output_sha256": "dd32ba43bfb48bb02bf482d797c5cc47e113fa5c1dcc76603593c8ba5c89978d",
            "output_sha512": "f80ce1b4e73cc2fe6157133a696f63af47aa8b5102509f11c62d352e8c27edb70c763f615ed986e192cb92c1b98ce9abc0db5106be873a32a99e9cc99a8fb0a8",
            "output_size": 688,
            "source": [],
            "source_content": null,
            "source_content_filename": null,
            "source_dir": "modules/lambda_signaling/src",
            "source_file": null,
            "type": "zip"
          },
          "sensitive_attributes": [],
          "identity_schema_version": 0
        }
      ]
    },
    {
      "module": "module.lambda_signaling",
      "mode": "managed",
      "type": "aws_dynamodb_table",
      "name": "connections_table",
      "provider": "provider[\"registry.terraform.io/hashicorp/aws\"]",
      "instances": [
        {
          "schema_version": 1,
          "attributes": {
            "arn": "arn:aws:dynamodb:us-east-1:219657600237:table/vetmed-jeopardy-connections",
            "attribute": [
              {
                "name": "connectionId",
                "type": "S"
              }
            ],
            "billing_mode": "PAY_PER_REQUEST",
            "deletion_protection_enabled": false,
            "global_secondary_index": [],
            "hash_key": "connectionId",
            "id": "vetmed-jeopardy-connections",
            "import_table": [],
            "local_secondary_index": [],
            "name": "vetmed-jeopardy-connections",
            "on_demand_throughput": [],
            "point_in_time_recovery": [
              {
                "enabled": false,
                "recovery_period_in_days": 0
              }
            ],
            "range_key": null,
            "read_capacity": 0,
            "replica": [],
            "restore_date_time": null,
            "restore_source_name": null,
            "restore_source_table_arn": null,
            "restore_to_latest_time": null,
            "server_side_encryption": [],
            "stream_arn": "",
            "stream_enabled": false,
            "stream_label": "",
            "stream_view_type": "",
            "table_class": "STANDARD",
            "tags": {},
            "tags_all": {},
            "timeouts": null,
            "ttl": [
              {
                "attribute_name": "",
                "enabled": false
              }
            ],
            "write_capacity": 0
          },
          "sensitive_attributes": [],
          "identity_schema_version": 0,
          "private": "eyJlMmJmYjczMC1lY2FhLTExZTYtOGY4OC0zNDM2M2JjN2M0YzAiOnsiY3JlYXRlIjoxODAwMDAwMDAwMDAwLCJkZWxldGUiOjYwMDAwMDAwMDAwMCwidXBkYXRlIjozNjAwMDAwMDAwMDAwfSwic2NoZW1hX3ZlcnNpb24iOiIxIn0="
        }
      ]
    },
    {
      "module": "module.lambda_signaling",
      "mode": "managed",
      "type": "aws_iam_policy",
      "name": "dynamodb_policy",
      "provider": "provider[\"registry.terraform.io/hashicorp/aws\"]",
      "instances": [
        {
          "schema_version": 0,
          "attributes": {
            "arn": "arn:aws:iam::219657600237:policy/dynamodb_connections_policy",
            "attachment_count": 1,
            "description": "Policy for Lambda to access the connections DynamoDB table",
            "id": "arn:aws:iam::219657600237:policy/dynamodb_connections_policy",
            "name": "dynamodb_connections_policy",
            "name_prefix": "",
            "path": "/",
            "policy": "{\"Statement\":[{\"Action\":[\"dynamodb:PutItem\",\"dynamodb:DeleteItem\",\"dynamodb:Scan\"],\"Effect\":\"Allow\",\"Resource\":\"arn:aws:dynamodb:us-east-1:219657600237:table/vetmed-jeopardy-connections\"}],\"Version\":\"2012-10-17\"}",
            "policy_id": "ANPATGJE47TW36UT3YP2U",
            "tags": {},
            "tags_all": {}
          },
          "sensitive_attributes": [],
          "identity_schema_version": 0,
          "private": "bnVsbA==",
          "dependencies": [
            "module.lambda_signaling.aws_dynamodb_table.connections_table"
          ]
        }
      ]
    },
    {
      "module": "module.lambda_signaling",
      "mode": "managed",
      "type": "aws_iam_role",
      "name": "lambda_exec_role",
      "provider": "provider[\"registry.terraform.io/hashicorp/aws\"]",
      "instances": [
        {
          "schema_version": 0,
          "attributes": {
            "arn": "arn:aws:iam::219657600237:role/lambda_signaling_exec_role",
            "assume_role_policy": "{\"Statement\":[{\"Action\":\"sts:AssumeRole\",\"Effect\":\"Allow\",\"Principal\":{\"Service\":\"lambda.amazonaws.com\"}}],\"Version\":\"2012-10-17\"}",
            "create_date": "2025-11-21T21:35:43Z",
            "description": "",
            "force_detach_policies": false,
            "id": "lambda_signaling_exec_role",
            "inline_policy": [],
            "managed_policy_arns": [
              "arn:aws:iam::219657600237:policy/dynamodb_connections_policy",
              "arn:aws:iam::aws:policy/service-role/AWSLambdaBasicExecutionRole"
            ],
            "max_session_duration": 3600,
            "name": "lambda_signaling_exec_role",
            "name_prefix": "",
            "path": "/",
            "permissions_boundary": "",
            "tags": {},
            "tags_all": {},
            "unique_id": "AROATGJE47TW2OZTOHVKO"
          },
          "sensitive_attributes": [],
          "identity_schema_version": 0,
          "private": "bnVsbA=="
        }
      ]
    },
    {
      "module": "module.lambda_signaling",
      "mode": "managed",
      "type": "aws_iam_role_policy_attachment",
      "name": "dynamodb_policy_attachment",
      "provider": "provider[\"registry.terraform.io/hashicorp/aws\"]",
      "instances": [
        {
          "schema_version": 0,
          "attributes": {
            "id": "lambda_signaling_exec_role-20251121213557400300000004",
            "policy_arn": "arn:aws:iam::219657600237:policy/dynamodb_connections_policy",
            "role": "lambda_signaling_exec_role"
          },
          "sensitive_attributes": [],
          "identity_schema_version": 0,
          "private": "bnVsbA==",
          "dependencies": [
            "module.lambda_signaling.aws_dynamodb_table.connections_table",
            "module.lambda_signaling.aws_iam_policy.dynamodb_policy",
            "module.lambda_signaling.aws_iam_role.lambda_exec_role"
          ]
        }
      ]
    },
    {
      "module": "module.lambda_signaling",
      "mode": "managed",
      "type": "aws_iam_role_policy_attachment",
      "name": "lambda_policy",
      "provider": "provider[\"registry.terraform.io/hashicorp/aws\"]",
      "instances": [
        {
          "schema_version": 0,
          "attributes": {
            "id": "lambda_signaling_exec_role-20251121213544168100000003",
            "policy_arn": "arn:aws:iam::aws:policy/service-role/AWSLambdaBasicExecutionRole",
            "role": "lambda_signaling_exec_role"
          },
          "sensitive_attributes": [],
          "identity_schema_version": 0,
          "private": "bnVsbA==",
          "dependencies": [
            "module.lambda_signaling.aws_iam_role.lambda_exec_role"
          ]
        }
      ]
    },
    {
      "module": "module.lambda_signaling",
      "mode": "managed",
      "type": "aws_lambda_function",
      "name": "signaling_lambda",
      "provider": "provider[\"registry.terraform.io/hashicorp/aws\"]",
      "instances": [
        {
          "schema_version": 0,
          "attributes": {
            "architectures": [
              "x86_64"
            ],
            "arn": "arn:aws:lambda:us-east-1:219657600237:function:vetmed-jeopardy-signaling",
            "code_sha256": "3TK6Q7+0i7Ar9ILXl8XMR+ET+lwdzHZgNZPIulyJl40=",
            "code_signing_config_arn": "",
            "dead_letter_config": [],
            "description": "",
            "environment": [
              {
                "variables": {
                  "WEBSOCKET_ENDPOINT": "wss://cfv6fou6e5.execute-api.us-east-1.amazonaws.com"
                }
              }
            ],
            "ephemeral_storage": [
              {
                "size": 512
              }
            ],
            "file_system_config": [],
            "filename": "modules/lambda_signaling/lambda.zip",
            "function_name": "vetmed-jeopardy-signaling",
            "handler": "index.handler",
            "id": "vetmed-jeopardy-signaling",
            "image_config": [],
            "image_uri": "",
            "invoke_arn": "arn:aws:apigateway:us-east-1:lambda:path/2015-03-31/functions/arn:aws:lambda:us-east-1:219657600237:function:vetmed-jeopardy-signaling/invocations",
            "kms_key_arn": "",
            "last_modified": "2025-11-21T21:36:04.602+0000",
            "layers": [],
            "logging_config": [
              {
                "application_log_level": "",
                "log_format": "Text",
                "log_group": "/aws/lambda/vetmed-jeopardy-signaling",
                "system_log_level": ""
              }
            ],
            "memory_size": 128,
            "package_type": "Zip",
            "publish": false,
            "qualified_arn": "arn:aws:lambda:us-east-1:219657600237:function:vetmed-jeopardy-signaling:$LATEST",
            "qualified_invoke_arn": "arn:aws:apigateway:us-east-1:lambda:path/2015-03-31/functions/arn:aws:lambda:us-east-1:219657600237:function:vetmed-jeopardy-signaling:$LATEST/invocations",
            "replace_security_groups_on_destroy": null,
            "replacement_security_group_ids": null,
            "reserved_concurrent_executions": -1,
            "role": "arn:aws:iam::219657600237:role/lambda_signaling_exec_role",
            "runtime": "nodejs18.x",
            "s3_bucket": null,
            "s3_key": null,
            "s3_object_version": null,
            "signing_job_arn": "",
            "signing_profile_version_arn": "",
            "skip_destroy": false,
            "snap_start": [],
            "source_code_hash": "3TK6Q7+0i7Ar9ILXl8XMR+ET+lwdzHZgNZPIulyJl40=",
            "source_code_size": 688,
            "tags": {},
            "tags_all": {},
            "timeout": 3,
            "timeouts": null,
            "tracing_config": [
              {
                "mode": "PassThrough"
              }
            ],
            "version": "$LATEST",
            "vpc_config": []
          },
          "sensitive_attributes": [],
          "identity_schema_version": 0,
          "private": "eyJlMmJmYjczMC1lY2FhLTExZTYtOGY4OC0zNDM2M2JjN2M0YzAiOnsiY3JlYXRlIjo2MDAwMDAwMDAwMDAsImRlbGV0ZSI6NjAwMDAwMDAwMDAwLCJ1cGRhdGUiOjYwMDAwMDAwMDAwMH19",
          "dependencies": [
            "module.api_gateway_websocket.aws_apigatewayv2_api.websocket_api",
            "module.lambda_signaling.aws_iam_role.lambda_exec_role",
            "module.lambda_signaling.data.archive_file.lambda_zip"
          ]
        }
      ]
    }
  ],
  "check_results": null
}
